// !$*UTF8*$!
{
	archiveVersion = 1;
	classes = {
	};
	objectVersion = 46;
	objects = {

/* Begin PBXBuildFile section */
		1509A0841C7A91E4009CD700 /* AppDelegate.swift in Sources */ = {isa = PBXBuildFile; fileRef = 1509A0831C7A91E4009CD700 /* AppDelegate.swift */; };
		1509A0861C7A91E4009CD700 /* ViewController.swift in Sources */ = {isa = PBXBuildFile; fileRef = 1509A0851C7A91E4009CD700 /* ViewController.swift */; };
		1509A0891C7A91E4009CD700 /* Main.storyboard in Resources */ = {isa = PBXBuildFile; fileRef = 1509A0871C7A91E4009CD700 /* Main.storyboard */; };
		1509A08B1C7A91E4009CD700 /* Images.xcassets in Resources */ = {isa = PBXBuildFile; fileRef = 1509A08A1C7A91E4009CD700 /* Images.xcassets */; };
		1509A08E1C7A91E4009CD700 /* LaunchScreen.xib in Resources */ = {isa = PBXBuildFile; fileRef = 1509A08C1C7A91E4009CD700 /* LaunchScreen.xib */; };
		1509A09A1C7A91E5009CD700 /* Swift_Week_4Tests.swift in Sources */ = {isa = PBXBuildFile; fileRef = 1509A0991C7A91E5009CD700 /* Swift_Week_4Tests.swift */; };
/* End PBXBuildFile section */

/* Begin PBXContainerItemProxy section */
		1509A0941C7A91E5009CD700 /* PBXContainerItemProxy */ = {
			isa = PBXContainerItemProxy;
			containerPortal = 1509A0761C7A91E4009CD700 /* Project object */;
			proxyType = 1;
			remoteGlobalIDString = 1509A07D1C7A91E4009CD700;
			remoteInfo = "Swift Week 4";
		};
/* End PBXContainerItemProxy section */

/* Begin PBXFileReference section */
		1509A07E1C7A91E4009CD700 /* Swift Week 4.app */ = {isa = PBXFileReference; explicitFileType = wrapper.application; includeInIndex = 0; path = "Swift Week 4.app"; sourceTree = BUILT_PRODUCTS_DIR; };
		1509A0821C7A91E4009CD700 /* Info.plist */ = {isa = PBXFileReference; lastKnownFileType = text.plist.xml; path = Info.plist; sourceTree = "<group>"; };
		1509A0831C7A91E4009CD700 /* AppDelegate.swift */ = {isa = PBXFileReference; lastKnownFileType = sourcecode.swift; path = AppDelegate.swift; sourceTree = "<group>"; };
		1509A0851C7A91E4009CD700 /* ViewController.swift */ = {isa = PBXFileReference; lastKnownFileType = sourcecode.swift; path = ViewController.swift; sourceTree = "<group>"; };
		1509A0881C7A91E4009CD700 /* Base */ = {isa = PBXFileReference; lastKnownFileType = file.storyboard; name = Base; path = Base.lproj/Main.storyboard; sourceTree = "<group>"; };
		1509A08A1C7A91E4009CD700 /* Images.xcassets */ = {isa = PBXFileReference; lastKnownFileType = folder.assetcatalog; path = Images.xcassets; sourceTree = "<group>"; };
		1509A08D1C7A91E4009CD700 /* Base */ = {isa = PBXFileReference; lastKnownFileType = file.xib; name = Base; path = Base.lproj/LaunchScreen.xib; sourceTree = "<group>"; };
		1509A0931C7A91E5009CD700 /* Swift Week 4Tests.xctest */ = {isa = PBXFileReference; explicitFileType = wrapper.cfbundle; includeInIndex = 0; path = "Swift Week 4Tests.xctest"; sourceTree = BUILT_PRODUCTS_DIR; };
		1509A0981C7A91E5009CD700 /* Info.plist */ = {isa = PBXFileReference; lastKnownFileType = text.plist.xml; path = Info.plist; sourceTree = "<group>"; };
		1509A0991C7A91E5009CD700 /* Swift_Week_4Tests.swift */ = {isa = PBXFileReference; lastKnownFileType = sourcecode.swift; path = Swift_Week_4Tests.swift; sourceTree = "<group>"; };
/* End PBXFileReference section */

/* Begin PBXFrameworksBuildPhase section */
		1509A07B1C7A91E4009CD700 /* Frameworks */ = {
			isa = PBXFrameworksBuildPhase;
			buildActionMask = 2147483647;
			files = (
			);
			runOnlyForDeploymentPostprocessing = 0;
		};
		1509A0901C7A91E5009CD700 /* Frameworks */ = {
			isa = PBXFrameworksBuildPhase;
			buildActionMask = 2147483647;
			files = (
			);
			runOnlyForDeploymentPostprocessing = 0;
		};
/* End PBXFrameworksBuildPhase section */

/* Begin PBXGroup section */
		1509A0751C7A91E4009CD700 = {
			isa = PBXGroup;
			children = (
				1509A0801C7A91E4009CD700 /* Swift Week 4 */,
				1509A0961C7A91E5009CD700 /* Swift Week 4Tests */,
				1509A07F1C7A91E4009CD700 /* Products */,
			);
			sourceTree = "<group>";
		};
		1509A07F1C7A91E4009CD700 /* Products */ = {
			isa = PBXGroup;
			children = (
				1509A07E1C7A91E4009CD700 /* Swift Week 4.app */,
				1509A0931C7A91E5009CD700 /* Swift Week 4Tests.xctest */,
			);
			name = Products;
			sourceTree = "<group>";
		};
		1509A0801C7A91E4009CD700 /* Swift Week 4 */ = {
			isa = PBXGroup;
			children = (
				1509A0831C7A91E4009CD700 /* AppDelegate.swift */,
				1509A0851C7A91E4009CD700 /* ViewController.swift */,
				1509A0871C7A91E4009CD700 /* Main.storyboard */,
				1509A08A1C7A91E4009CD700 /* Images.xcassets */,
				1509A08C1C7A91E4009CD700 /* LaunchScreen.xib */,
				1509A0811C7A91E4009CD700 /* Supporting Files */,
			);
			path = "Swift Week 4";
			sourceTree = "<group>";
		};
		1509A0811C7A91E4009CD700 /* Supporting Files */ = {
			isa = PBXGroup;
			children = (
				1509A0821C7A91E4009CD700 /* Info.plist */,
			);
			name = "Supporting Files";
			sourceTree = "<group>";
		};
		1509A0961C7A91E5009CD700 /* Swift Week 4Tests */ = {
			isa = PBXGroup;
			children = (
				1509A0991C7A91E5009CD700 /* Swift_Week_4Tests.swift */,
				1509A0971C7A91E5009CD700 /* Supporting Files */,
			);
			path = "Swift Week 4Tests";
			sourceTree = "<group>";
		};
		1509A0971C7A91E5009CD700 /* Supporting Files */ = {
			isa = PBXGroup;
			children = (
				1509A0981C7A91E5009CD700 /* Info.plist */,
			);
			name = "Supporting Files";
			sourceTree = "<group>";
		};
/* End PBXGroup section */

/* Begin PBXNativeTarget section */
		1509A07D1C7A91E4009CD700 /* Swift Week 4 */ = {
			isa = PBXNativeTarget;
			buildConfigurationList = 1509A09D1C7A91E5009CD700 /* Build configuration list for PBXNativeTarget "Swift Week 4" */;
			buildPhases = (
				1509A07A1C7A91E4009CD700 /* Sources */,
				1509A07B1C7A91E4009CD700 /* Frameworks */,
				1509A07C1C7A91E4009CD700 /* Resources */,
			);
			buildRules = (
			);
			dependencies = (
			);
			name = "Swift Week 4";
			productName = "Swift Week 4";
			productReference = 1509A07E1C7A91E4009CD700 /* Swift Week 4.app */;
			productType = "com.apple.product-type.application";
		};
		1509A0921C7A91E5009CD700 /* Swift Week 4Tests */ = {
			isa = PBXNativeTarget;
			buildConfigurationList = 1509A0A01C7A91E5009CD700 /* Build configuration list for PBXNativeTarget "Swift Week 4Tests" */;
			buildPhases = (
				1509A08F1C7A91E5009CD700 /* Sources */,
				1509A0901C7A91E5009CD700 /* Frameworks */,
				1509A0911C7A91E5009CD700 /* Resources */,
			);
			buildRules = (
			);
			dependencies = (
				1509A0951C7A91E5009CD700 /* PBXTargetDependency */,
			);
			name = "Swift Week 4Tests";
			productName = "Swift Week 4Tests";
			productReference = 1509A0931C7A91E5009CD700 /* Swift Week 4Tests.xctest */;
			productType = "com.apple.product-type.bundle.unit-test";
		};
/* End PBXNativeTarget section */

/* Begin PBXProject section */
		1509A0761C7A91E4009CD700 /* Project object */ = {
			isa = PBXProject;
			attributes = {
				LastUpgradeCheck = 0640;
				ORGANIZATIONNAME = 123;
				TargetAttributes = {
					1509A07D1C7A91E4009CD700 = {
						CreatedOnToolsVersion = 6.4;
					};
					1509A0921C7A91E5009CD700 = {
						CreatedOnToolsVersion = 6.4;
						TestTargetID = 1509A07D1C7A91E4009CD700;
					};
				};
			};
			buildConfigurationList = 1509A0791C7A91E4009CD700 /* Build configuration list for PBXProject "Swift Week 4" */;
			compatibilityVersion = "Xcode 3.2";
			developmentRegion = English;
			hasScannedForEncodings = 0;
			knownRegions = (
				en,
				Base,
			);
			mainGroup = 1509A0751C7A91E4009CD700;
			productRefGroup = 1509A07F1C7A91E4009CD700 /* Products */;
			projectDirPath = "";
			projectRoot = "";
			targets = (
				1509A07D1C7A91E4009CD700 /* Swift Week 4 */,
				1509A0921C7A91E5009CD700 /* Swift Week 4Tests */,
			);
		};
/* End PBXProject section */

/* Begin PBXResourcesBuildPhase section */
		1509A07C1C7A91E4009CD700 /* Resources */ = {
			isa = PBXResourcesBuildPhase;
			buildActionMask = 2147483647;
			files = (
				1509A0891C7A91E4009CD700 /* Main.storyboard in Resources */,
				1509A08E1C7A91E4009CD700 /* LaunchScreen.xib in Resources */,
				1509A08B1C7A91E4009CD700 /* Images.xcassets in Resources */,
			);
			runOnlyForDeploymentPostprocessing = 0;
		};
		1509A0911C7A91E5009CD700 /* Resources */ = {
			isa = PBXResourcesBuildPhase;
			buildActionMask = 2147483647;
			files = (
			);
			runOnlyForDeploymentPostprocessing = 0;
		};
/* End PBXResourcesBuildPhase section */

/* Begin PBXSourcesBuildPhase section */
		1509A07A1C7A91E4009CD700 /* Sources */ = {
			isa = PBXSourcesBuildPhase;
			buildActionMask = 2147483647;
			files = (
				1509A0861C7A91E4009CD700 /* ViewController.swift in Sources */,
				1509A0841C7A91E4009CD700 /* AppDelegate.swift in Sources */,
			);
			runOnlyForDeploymentPostprocessing = 0;
		};
		1509A08F1C7A91E5009CD700 /* Sources */ = {
			isa = PBXSourcesBuildPhase;
			buildActionMask = 2147483647;
			files = (
				1509A09A1C7A91E5009CD700 /* Swift_Week_4Tests.swift in Sources */,
			);
			runOnlyForDeploymentPostprocessing = 0;
		};
/* End PBXSourcesBuildPhase section */

/* Begin PBXTargetDependency section */
		1509A0951C7A91E5009CD700 /* PBXTargetDependency */ = {
			isa = PBXTargetDependency;
			target = 1509A07D1C7A91E4009CD700 /* Swift Week 4 */;
			targetProxy = 1509A0941C7A91E5009CD700 /* PBXContainerItemProxy */;
		};
/* End PBXTargetDependency section */

/* Begin PBXVariantGroup section */
		1509A0871C7A91E4009CD700 /* Main.storyboard */ = {
			isa = PBXVariantGroup;
			children = (
				1509A0881C7A91E4009CD700 /* Base */,
			);
			name = Main.storyboard;
			sourceTree = "<group>";
		};
		1509A08C1C7A91E4009CD700 /* LaunchScreen.xib */ = {
			isa = PBXVariantGroup;
			children = (
				1509A08D1C7A91E4009CD700 /* Base */,
			);
			name = LaunchScreen.xib;
			sourceTree = "<group>";
		};
/* End PBXVariantGroup section */

/* Begin XCBuildConfiguration section */
		1509A09B1C7A91E5009CD700 /* Debug */ = {
			isa = XCBuildConfiguration;
			buildSettings = {
				ALWAYS_SEARCH_USER_PATHS = NO;
				CLANG_CXX_LANGUAGE_STANDARD = "gnu++0x";
				CLANG_CXX_LIBRARY = "libc++";
				CLANG_ENABLE_MODULES = YES;
				CLANG_ENABLE_OBJC_ARC = YES;
				CLANG_WARN_BOOL_CONVERSION = YES;
				CLANG_WARN_CONSTANT_CONVERSION = YES;
				CLANG_WARN_DIRECT_OBJC_ISA_USAGE = YES_ERROR;
				CLANG_WARN_EMPTY_BODY = YES;
				CLANG_WARN_ENUM_CONVERSION = YES;
				CLANG_WARN_INT_CONVERSION = YES;
				CLANG_WARN_OBJC_ROOT_CLASS = YES_ERROR;
				CLANG_WARN_UNREACHABLE_CODE = YES;
				CLANG_WARN__DUPLICATE_METHOD_MATCH = YES;
				"CODE_SIGN_IDENTITY[sdk=iphoneos*]" = "iPhone Developer";
				COPY_PHASE_STRIP = NO;
				DEBUG_INFORMATION_FORMAT = "dwarf-with-dsym";
				ENABLE_STRICT_OBJC_MSGSEND = YES;
				GCC_C_LANGUAGE_STANDARD = gnu99;
				GCC_DYNAMIC_NO_PIC = NO;
				GCC_NO_COMMON_BLOCKS = YES;
				GCC_OPTIMIZATION_LEVEL = 0;
				GCC_PREPROCESSOR_DEFINITIONS = (
					"DEBUG=1",
					"$(inherited)",
				);
				GCC_SYMBOLS_PRIVATE_EXTERN = NO;
				GCC_WARN_64_TO_32_BIT_CONVERSION = YES;
				GCC_WARN_ABOUT_RETURN_TYPE = YES_ERROR;
				GCC_WARN_UNDECLARED_SELECTOR = YES;
				GCC_WARN_UNINITIALIZED_AUTOS = YES_AGGRESSIVE;
				GCC_WARN_UNUSED_FUNCTION = YES;
				GCC_WARN_UNUSED_VARIABLE = YES;
				IPHONEOS_DEPLOYMENT_TARGET = 8.4;
				MTL_ENABLE_DEBUG_INFO = YES;
				ONLY_ACTIVE_ARCH = YES;
				SDKROOT = iphoneos;
				SWIFT_OPTIMIZATION_LEVEL = "-Onone";
				TARGETED_DEVICE_FAMILY = "1,2";
			};
			name = Debug;
		};
		1509A09C1C7A91E5009CD700 /* Release */ = {
			isa = XCBuildConfiguration;
			buildSettings = {
				ALWAYS_SEARCH_USER_PATHS = NO;
				CLANG_CXX_LANGUAGE_STANDARD = "gnu++0x";
				CLANG_CXX_LIBRARY = "libc++";
				CLANG_ENABLE_MODULES = YES;
				CLANG_ENABLE_OBJC_ARC = YES;
				CLANG_WARN_BOOL_CONVERSION = YES;
				CLANG_WARN_CONSTANT_CONVERSION = YES;
				CLANG_WARN_DIRECT_OBJC_ISA_USAGE = YES_ERROR;
				CLANG_WARN_EMPTY_BODY = YES;
				CLANG_WARN_ENUM_CONVERSION = YES;
				CLANG_WARN_INT_CONVERSION = YES;
				CLANG_WARN_OBJC_ROOT_CLASS = YES_ERROR;
				CLANG_WARN_UNREACHABLE_CODE = YES;
				CLANG_WARN__DUPLICATE_METHOD_MATCH = YES;
				"CODE_SIGN_IDENTITY[sdk=iphoneos*]" = "iPhone Developer";
				COPY_PHASE_STRIP = NO;
				DEBUG_INFORMATION_FORMAT = "dwarf-with-dsym";
				ENABLE_NS_ASSERTIONS = NO;
				ENABLE_STRICT_OBJC_MSGSEND = YES;
				GCC_C_LANGUAGE_STANDARD = gnu99;
				GCC_NO_COMMON_BLOCKS = YES;
				GCC_WARN_64_TO_32_BIT_CONVERSION = YES;
				GCC_WARN_ABOUT_RETURN_TYPE = YES_ERROR;
				GCC_WARN_UNDECLARED_SELECTOR = YES;
				GCC_WARN_UNINITIALIZED_AUTOS = YES_AGGRESSIVE;
				GCC_WARN_UNUSED_FUNCTION = YES;
				GCC_WARN_UNUSED_VARIABLE = YES;
				IPHONEOS_DEPLOYMENT_TARGET = 8.4;
				MTL_ENABLE_DEBUG_INFO = NO;
				SDKROOT = iphoneos;
				TARGETED_DEVICE_FAMILY = "1,2";
				VALIDATE_PRODUCT = YES;
			};
			name = Release;
		};
		1509A09E1C7A91E5009CD700 /* Debug */ = {
			isa = XCBuildConfiguration;
			buildSettings = {
				ASSETCATALOG_COMPILER_APPICON_NAME = AppIcon;
				INFOPLIST_FILE = "Swift Week 4/Info.plist";
				LD_RUNPATH_SEARCH_PATHS = "$(inherited) @executable_path/Frameworks";
				PRODUCT_NAME = "$(TARGET_NAME)";
			};
			name = Debug;
		};
		1509A09F1C7A91E5009CD700 /* Release */ = {
			isa = XCBuildConfiguration;
			buildSettings = {
				ASSETCATALOG_COMPILER_APPICON_NAME = AppIcon;
				INFOPLIST_FILE = "Swift Week 4/Info.plist";
				LD_RUNPATH_SEARCH_PATHS = "$(inherited) @executable_path/Frameworks";
				PRODUCT_NAME = "$(TARGET_NAME)";
			};
			name = Release;
		};
		1509A0A11C7A91E5009CD700 /* Debug */ = {
			isa = XCBuildConfiguration;
			buildSettings = {
				BUNDLE_LOADER = "$(TEST_HOST)";
				FRAMEWORK_SEARCH_PATHS = (
					"$(SDKROOT)/Developer/Library/Frameworks",
					"$(inherited)",
				);
				GCC_PREPROCESSOR_DEFINITIONS = (
					"DEBUG=1",
					"$(inherited)",
				);
				INFOPLIST_FILE = "Swift Week 4Tests/Info.plist";
				LD_RUNPATH_SEARCH_PATHS = "$(inherited) @executable_path/Frameworks @loader_path/Frameworks";
				PRODUCT_NAME = "$(TARGET_NAME)";
				TEST_HOST = "$(BUILT_PRODUCTS_DIR)/Swift Week 4.app/Swift Week 4";
			};
			name = Debug;
		};
		1509A0A21C7A91E5009CD700 /* Release */ = {
			isa = XCBuildConfiguration;
			buildSettings = {
				BUNDLE_LOADER = "$(TEST_HOST)";
				FRAMEWORK_SEARCH_PATHS = (
					"$(SDKROOT)/Developer/Library/Frameworks",
					"$(inherited)",
				);
				INFOPLIST_FILE = "Swift Week 4Tests/Info.plist";
				LD_RUNPATH_SEARCH_PATHS = "$(inherited) @executable_path/Frameworks @loader_path/Frameworks";
				PRODUCT_NAME = "$(TARGET_NAME)";
				TEST_HOST = "$(BUILT_PRODUCTS_DIR)/Swift Week 4.app/Swift Week 4";
			};
			name = Release;
		};
/* End XCBuildConfiguration section */

/* Begin XCConfigurationList section */
		1509A0791C7A91E4009CD700 /* Build configuration list for PBXProject "Swift Week 4" */ = {
			isa = XCConfigurationList;
			buildConfigurations = (
				1509A09B1C7A91E5009CD700 /* Debug */,
				1509A09C1C7A91E5009CD700 /* Release */,
			);
			defaultConfigurationIsVisible = 0;
			defaultConfigurationName = Release;
		};
		1509A09D1C7A91E5009CD700 /* Build configuration list for PBXNativeTarget "Swift Week 4" */ = {
			isa = XCConfigurationList;
			buildConfigurations = (
				1509A09E1C7A91E5009CD700 /* Debug */,
				1509A09F1C7A91E5009CD700 /* Release */,
			);
			defaultConfigurationIsVisible = 0;
		};
		1509A0A01C7A91E5009CD700 /* Build configuration list for PBXNativeTarget "Swift Week 4Tests" */ = {
			isa = XCConfigurationList;
			buildConfigurations = (
				1509A0A11C7A91E5009CD700 /* Debug */,
				1509A0A21C7A91E5009CD700 /* Release */,
			);
			defaultConfigurationIsVisible = 0;
		};
/* End XCConfigurationList section */
	};
	rootObject = 1509A0761C7A91E4009CD700 /* Project object */;
}
